hash: aa09f089d6e61830190fe0ee16000faafeb5e68ee25f1c4385cd5fa617c788c9
updated: 2017-10-15T13:32:57.759141368+09:00
imports:
- name: github.com/comail/colog
  version: fba8e7b1f46c3607f09760ce3880066e7ff57c5a
- name: github.com/gizak/termui
  version: 24acd523c756fd9728824cdfac66aad9d8982fb7
- name: github.com/go-ole/go-ole
  version: 8a4f5c214bfb4475619b8bb7ccbe6fa5c91745f4
  subpackages:
  - oleutil
- name: github.com/maruel/panicparse
  version: e097e77a230345db8ac8961861c81fb509c845c9
  subpackages:
  - stack
- name: github.com/mattn/go-pipeline
  version: cfb87a531e2beb376fe3ce94a6dfef7956d33bc7
- name: github.com/mattn/go-runewidth
  version: 97311d9f7767e3d6f422ea06661bc2c7a19e8a5d
- name: github.com/mitchellh/go-wordwrap
  version: ad45545899c7b13c020ea92b2072220eefad42b8
- name: github.com/nsf/termbox-go
  version: 4ed959e0540971545eddb8c75514973d670cf739
- name: github.com/shirou/gopsutil
  version: 6e221c482653ef05c9f6a7bf71ddceea0e40bac5
  subpackages:
  - cpu
  - disk
  - internal/common
  - mem
  - net
- name: github.com/StackExchange/wmi
  version: ea383cf3ba6ec950874b8486cd72356d007c768f
- name: golang.org/x/sys
  version: 314a259e304ff91bd6985da2a7149bbf91237993
  subpackages:
  - unix
  - windows
testImports: []
